
Microsoft Visual Studio Solution File, Format Version 12.00
# Visual Studio 2013
VisualStudioVersion = 12.0.30723.0
MinimumVisualStudioVersion = 10.0.40219.1
Project("{FAE04EC0-301F-11D3-BF4B-00C04F79EFBC}") = "StickyPad", "WindowsFormsApplication1\StickyPad.csproj", "{88BF04C4-EC55-48AB-8904-689020A2A2C9}"
EndProject
Project("{FAE04EC0-301F-11D3-BF4B-00C04F79EFBC}") = "StickyPadTests", "StickyPadTests\StickyPadTests.csproj", "{7B0DA186-6D2C-4CB2-A72F-7CB2C6D7A349}"
EndProject
Global
	GlobalSection(SolutionConfigurationPlatforms) = preSolution
		Debug|Any CPU = Debug|Any CPU
		Release|Any CPU = Release|Any CPU
	EndGlobalSection
	GlobalSection(ProjectConfigurationPlatforms) = postSolution
		{88BF04C4-EC55-48AB-8904-689020A2A2C9}.Debug|Any CPU.ActiveCfg = Debug|Any CPU
		{88BF04C4-EC55-48AB-8904-689020A2A2C9}.Debug|Any CPU.Build.0 = Debug|Any CPU
		{88BF04C4-EC55-48AB-8904-689020A2A2C9}.Release|Any CPU.ActiveCfg = Release|Any CPU
		{88BF04C4-EC55-48AB-8904-689020A2A2C9}.Release|Any CPU.Build.0 = Release|Any CPU
		{7B0DA186-6D2C-4CB2-A72F-7CB2C6D7A349}.Debug|Any CPU.ActiveCfg = Debug|Any CPU
		{7B0DA186-6D2C-4CB2-A72F-7CB2C6D7A349}.Debug|Any CPU.Build.0 = Debug|Any CPU
		{7B0DA186-6D2C-4CB2-A72F-7CB2C6D7A349}.Release|Any CPU.ActiveCfg = Release|Any CPU
		{7B0DA186-6D2C-4CB2-A72F-7CB2C6D7A349}.Release|Any CPU.Build.0 = Release|Any CPU
	EndGlobalSection
	GlobalSection(SolutionProperties) = preSolution
		HideSolutionNode = FALSE
	EndGlobalSection
EndGlobal
